
Microsoft Visual Studio Solution File, Format Version 12.00
# Visual Studio Version 17
VisualStudioVersion = 17.1.32421.90
MinimumVisualStudioVersion = 10.0.40219.1
Project("{9A19103F-16F7-4668-BE54-9A1E7A4F7556}") = "TicTacToeApp", "TicTacToeApp\TicTacToeApp.csproj", "{3720E441-A425-4857-942E-5E3F9976009F}"
EndProject
Project("{9A19103F-16F7-4668-BE54-9A1E7A4F7556}") = "TicTacToeWinForm", "TicTacToeWinForm\TicTacToeWinForm.csproj", "{08BECFE1-6BEA-47CF-A2A3-34338FDDE156}"
EndProject
Project("{FAE04EC0-301F-11D3-BF4B-00C04F79EFBC}") = "TicTacToeTest", "TicTacToeTest\TicTacToeTest.csproj", "{B699344A-9627-4218-9663-62C754823584}"
EndProject
Global
	GlobalSection(SolutionConfigurationPlatforms) = preSolution
		Debug|Any CPU = Debug|Any CPU
		Release|Any CPU = Release|Any CPU
	EndGlobalSection
	GlobalSection(ProjectConfigurationPlatforms) = postSolution
		{3720E441-A425-4857-942E-5E3F9976009F}.Debug|Any CPU.ActiveCfg = Debug|Any CPU
		{3720E441-A425-4857-942E-5E3F9976009F}.Debug|Any CPU.Build.0 = Debug|Any CPU
		{3720E441-A425-4857-942E-5E3F9976009F}.Release|Any CPU.ActiveCfg = Release|Any CPU
		{3720E441-A425-4857-942E-5E3F9976009F}.Release|Any CPU.Build.0 = Release|Any CPU
		{08BECFE1-6BEA-47CF-A2A3-34338FDDE156}.Debug|Any CPU.ActiveCfg = Debug|Any CPU
		{08BECFE1-6BEA-47CF-A2A3-34338FDDE156}.Debug|Any CPU.Build.0 = Debug|Any CPU
		{08BECFE1-6BEA-47CF-A2A3-34338FDDE156}.Release|Any CPU.ActiveCfg = Release|Any CPU
		{08BECFE1-6BEA-47CF-A2A3-34338FDDE156}.Release|Any CPU.Build.0 = Release|Any CPU
		{B699344A-9627-4218-9663-62C754823584}.Debug|Any CPU.ActiveCfg = Debug|Any CPU
		{B699344A-9627-4218-9663-62C754823584}.Debug|Any CPU.Build.0 = Debug|Any CPU
		{B699344A-9627-4218-9663-62C754823584}.Release|Any CPU.ActiveCfg = Release|Any CPU
		{B699344A-9627-4218-9663-62C754823584}.Release|Any CPU.Build.0 = Release|Any CPU
	EndGlobalSection
	GlobalSection(SolutionProperties) = preSolution
		HideSolutionNode = FALSE
	EndGlobalSection
	GlobalSection(ExtensibilityGlobals) = postSolution
		SolutionGuid = {C7ACF058-9C73-464C-A3F8-8019E47742B8}
	EndGlobalSection
EndGlobal
